
Microsoft Visual Studio Solution File, Format Version 12.00
# Visual Studio Version 16
VisualStudioVersion = 16.0.32901.82
MinimumVisualStudioVersion = 10.0.40219.1
Project("{FAE04EC0-301F-11D3-BF4B-00C04F79EFBC}") = "ControlSystemViewer", "ControlSystemViewer\ControlSystemViewer.csproj", "{B0A315BF-DEE6-4531-A1E7-33BEDAF265B6}"
EndProject
Project("{FAE04EC0-301F-11D3-BF4B-00C04F79EFBC}") = "UtilsAPI", "UtilsAPI\UtilsAPI.csproj", "{66810870-80D7-44F3-BFA0-3000EAB02946}"
EndProject
Project("{FAE04EC0-301F-11D3-BF4B-00C04F79EFBC}") = "MainLayout", "MainLayout\MainLayout.csproj", "{6FA6F347-2E82-41FF-B90F-56528B086F6A}"
EndProject
Project("{FAE04EC0-301F-11D3-BF4B-00C04F79EFBC}") = "MainView", "MainView\MainView.csproj", "{9AD9C4EB-3B66-439F-831F-56E80CBBE428}"
EndProject
Project("{FAE04EC0-301F-11D3-BF4B-00C04F79EFBC}") = "Loading", "Loading\Loading.csproj", "{AB9D154D-B9EF-41D4-91AC-C6936811DB7A}"
EndProject
Project("{FAE04EC0-301F-11D3-BF4B-00C04F79EFBC}") = "Map", "Map\Map.csproj", "{3426B114-AE8C-4BF4-8071-4E4DC4CDB43A}"
EndProject
Project("{FAE04EC0-301F-11D3-BF4B-00C04F79EFBC}") = "Vehicle", "Vehicle\Vehicle.csproj", "{2F39F7E0-CCB0-4D60-8871-DC2C005589D2}"
EndProject
Project("{FAE04EC0-301F-11D3-BF4B-00C04F79EFBC}") = "ViewerObject", "ViewerObject\ViewerObject.csproj", "{ABE74ABB-2B58-4C51-B0DA-2E1786342223}"
EndProject
Project("{FAE04EC0-301F-11D3-BF4B-00C04F79EFBC}") = "ObjectConverter_AGVC_AT_S", "ObjectConverter_AGVC_AT_S\ObjectConverter_AGVC_AT_S.csproj", "{AD10CED3-CD0E-4AAA-B09B-A48D756830C8}"
EndProject
Project("{FAE04EC0-301F-11D3-BF4B-00C04F79EFBC}") = "ObjectConverter_AGVC_SOUTH_INNOLUX", "ObjectConverter_AGVC_SOUTH_INNOLUX\ObjectConverter_AGVC_SOUTH_INNOLUX.csproj", "{6B254AA7-E4D8-4335-91AA-72275CA8BE39}"
EndProject
Project("{FAE04EC0-301F-11D3-BF4B-00C04F79EFBC}") = "ObjectConverter_OHTC_CSOT", "ObjectConverter_OHTC_CSOT\ObjectConverter_OHTC_CSOT.csproj", "{B5E6D8AC-B5E9-481C-AFA6-056A37B4855B}"
EndProject
Project("{FAE04EC0-301F-11D3-BF4B-00C04F79EFBC}") = "ObjectConverter_AGVC_AUO_600", "ObjectConverter_AGVC_AUO_600\ObjectConverter_AGVC_AUO_600.csproj", "{AB0CAD5F-126B-4C55-9FBF-5CD620E56650}"
EndProject
Project("{FAE04EC0-301F-11D3-BF4B-00C04F79EFBC}") = "BasicFunction", "BasicFunction\BasicFunction.csproj", "{8A30147A-2553-472E-93C4-414F40054890}"
EndProject
Project("{FAE04EC0-301F-11D3-BF4B-00C04F79EFBC}") = "ObjectConverter_AGVC_AUO_800", "ObjectConverter_AGVC_AUO_800\ObjectConverter_AGVC_AUO_800.csproj", "{1264459E-62F1-450F-8631-BB84F904C34C}"
EndProject
Project("{FAE04EC0-301F-11D3-BF4B-00C04F79EFBC}") = "ObjectConverter_OHBC_ASE_K24", "ObjectConverter_OHBC_ASE_K24\ObjectConverter_OHBC_ASE_K24.csproj", "{37D3688B-8FB4-4AA8-B82B-6DE63CE1603A}"
EndProject
Project("{FAE04EC0-301F-11D3-BF4B-00C04F79EFBC}") = "ObjectConverter_OHTC_AT_S", "ObjectConverter_OHTC_AT_S\ObjectConverter_OHTC_AT_S.csproj", "{82FCF25B-3781-4DC2-9B8D-549D4030BAD1}"
EndProject
Project("{FAE04EC0-301F-11D3-BF4B-00C04F79EFBC}") = "ObjectConverterInterface", "ObjectConverterInterface\ObjectConverterInterface.csproj", "{EE5632DC-C97E-4503-8237-0331ECEEC416}"
EndProject
Project("{FAE04EC0-301F-11D3-BF4B-00C04F79EFBC}") = "ObjectConverterFactory", "ObjectConverterFactory\ObjectConverterFactory.csproj", "{31118EC5-FFCC-4DA8-9789-DC9FD1E9FB93}"
	ProjectSection(ProjectDependencies) = postProject
		{93B8F8D6-5233-491C-81F4-ACB8C4C86148} = {93B8F8D6-5233-491C-81F4-ACB8C4C86148}
	EndProjectSection
EndProject
Project("{FAE04EC0-301F-11D3-BF4B-00C04F79EFBC}") = "PortStatus", "PortStatus\PortStatus.csproj", "{F341032A-FAE5-423F-B2CD-91B933444567}"
EndProject
Project("{FAE04EC0-301F-11D3-BF4B-00C04F79EFBC}") = "ObjectConverter_OHBC_ASE_K21", "ObjectConverter_OHBC_ASE_K21\ObjectConverter_OHBC_ASE_K21.csproj", "{8B7FC8E7-4A72-4445-8B7B-3E7C6FDA933F}"
EndProject
Project("{FAE04EC0-301F-11D3-BF4B-00C04F79EFBC}") = "ChartConverter", "ChartConverter\ChartConverter.csproj", "{E6463D65-2561-407B-A6AF-249B1813212B}"
EndProject
Project("{FAE04EC0-301F-11D3-BF4B-00C04F79EFBC}") = "ObjectConverter_OHTC_M4", "ObjectConverter_OHTC_M4\ObjectConverter_OHTC_M4.csproj", "{E8B96B75-1144-4369-AFC8-C4E22F99343E}"
EndProject
Project("{9A19103F-16F7-4668-BE54-9A1E7A4F7556}") = "CommonMessage", "CommonMessage\CommonMessage.csproj", "{FFF5609F-3748-491A-B495-9F921E7CB1BF}"
EndProject
Project("{FAE04EC0-301F-11D3-BF4B-00C04F79EFBC}") = "ObjectConverter_OHBC_PTI", "ObjectConverter_OHBC_PTI\ObjectConverter_OHBC_PTI.csproj", "{C80E4542-A4E7-414E-A8A5-FF356E1837CE}"
EndProject
Project("{FAE04EC0-301F-11D3-BF4B-00C04F79EFBC}") = "ObjectConverter_AGVC_UMTC", "ObjectConverter_AGVC_UMTC\ObjectConverter_AGVC_UMTC.csproj", "{06E3866E-A035-4C89-B893-7086CE332CDD}"
EndProject
Project("{FAE04EC0-301F-11D3-BF4B-00C04F79EFBC}") = "ObjectConverter_AGVC_NORTH_INNOLUX", "ObjectConverter_AGVC_NORTH_INNOLUX\ObjectConverter_AGVC_NORTH_INNOLUX.csproj", "{051CDA06-5292-49CD-8711-6E41B2F8F60D}"
EndProject
Project("{FAE04EC0-301F-11D3-BF4B-00C04F79EFBC}") = "ObjectConverter_AGVC_ASE_K21", "ObjectConverter_AGVC_ASE_K21\ObjectConverter_AGVC_ASE_K21.csproj", "{BFEE8F0F-FB22-4C27-81ED-142E7862939C}"
EndProject
Project("{FAE04EC0-301F-11D3-BF4B-00C04F79EFBC}") = "ObjectConverter_STKC_ASE_K21", "ObjectConverter_STKC_ASE_K21\ObjectConverter_STKC_ASE_K21.csproj", "{93B8F8D6-5233-491C-81F4-ACB8C4C86148}"
EndProject
Project("{FAE04EC0-301F-11D3-BF4B-00C04F79EFBC}") = "ObjectConverter_OHTC_2F", "ObjectConverter_OHTC_2F\ObjectConverter_OHTC_2F.csproj", "{2B8BF9C4-2ACA-4CFD-A1D3-BE21E53C64E8}"
EndProject
Project("{FAE04EC0-301F-11D3-BF4B-00C04F79EFBC}") = "ObjectConverter_OHTC_AT_S_MALASYIA", "ObjectConverter_OHTC_AT_S_MALASYIA\ObjectConverter_OHTC_AT_S_MALASYIA.csproj", "{CE10FD54-A0E1-47E2-B0E0-0803073310A6}"
EndProject
Global
	GlobalSection(SolutionConfigurationPlatforms) = preSolution
		Debug|Any CPU = Debug|Any CPU
		Debug|x64 = Debug|x64
		Release|Any CPU = Release|Any CPU
		Release|x64 = Release|x64
	EndGlobalSection
	GlobalSection(ProjectConfigurationPlatforms) = postSolution
		{B0A315BF-DEE6-4531-A1E7-33BEDAF265B6}.Debug|Any CPU.ActiveCfg = Debug|Any CPU
		{B0A315BF-DEE6-4531-A1E7-33BEDAF265B6}.Debug|Any CPU.Build.0 = Debug|Any CPU
		{B0A315BF-DEE6-4531-A1E7-33BEDAF265B6}.Debug|x64.ActiveCfg = Debug|x64
		{B0A315BF-DEE6-4531-A1E7-33BEDAF265B6}.Debug|x64.Build.0 = Debug|x64
		{B0A315BF-DEE6-4531-A1E7-33BEDAF265B6}.Release|Any CPU.ActiveCfg = Release|Any CPU
		{B0A315BF-DEE6-4531-A1E7-33BEDAF265B6}.Release|Any CPU.Build.0 = Release|Any CPU
		{B0A315BF-DEE6-4531-A1E7-33BEDAF265B6}.Release|x64.ActiveCfg = Release|x64
		{B0A315BF-DEE6-4531-A1E7-33BEDAF265B6}.Release|x64.Build.0 = Release|x64
		{66810870-80D7-44F3-BFA0-3000EAB02946}.Debug|Any CPU.ActiveCfg = Debug|Any CPU
		{66810870-80D7-44F3-BFA0-3000EAB02946}.Debug|Any CPU.Build.0 = Debug|Any CPU
		{66810870-80D7-44F3-BFA0-3000EAB02946}.Debug|x64.ActiveCfg = Debug|x64
		{66810870-80D7-44F3-BFA0-3000EAB02946}.Debug|x64.Build.0 = Debug|x64
		{66810870-80D7-44F3-BFA0-3000EAB02946}.Release|Any CPU.ActiveCfg = Release|Any CPU
		{66810870-80D7-44F3-BFA0-3000EAB02946}.Release|Any CPU.Build.0 = Release|Any CPU
		{66810870-80D7-44F3-BFA0-3000EAB02946}.Release|x64.ActiveCfg = Release|x64
		{66810870-80D7-44F3-BFA0-3000EAB02946}.Release|x64.Build.0 = Release|x64
		{6FA6F347-2E82-41FF-B90F-56528B086F6A}.Debug|Any CPU.ActiveCfg = Debug|Any CPU
		{6FA6F347-2E82-41FF-B90F-56528B086F6A}.Debug|Any CPU.Build.0 = Debug|Any CPU
		{6FA6F347-2E82-41FF-B90F-56528B086F6A}.Debug|x64.ActiveCfg = Debug|x64
		{6FA6F347-2E82-41FF-B90F-56528B086F6A}.Debug|x64.Build.0 = Debug|x64
		{6FA6F347-2E82-41FF-B90F-56528B086F6A}.Release|Any CPU.ActiveCfg = Release|Any CPU
		{6FA6F347-2E82-41FF-B90F-56528B086F6A}.Release|Any CPU.Build.0 = Release|Any CPU
		{6FA6F347-2E82-41FF-B90F-56528B086F6A}.Release|x64.ActiveCfg = Release|x64
		{6FA6F347-2E82-41FF-B90F-56528B086F6A}.Release|x64.Build.0 = Release|x64
		{9AD9C4EB-3B66-439F-831F-56E80CBBE428}.Debug|Any CPU.ActiveCfg = Debug|Any CPU
		{9AD9C4EB-3B66-439F-831F-56E80CBBE428}.Debug|Any CPU.Build.0 = Debug|Any CPU
		{9AD9C4EB-3B66-439F-831F-56E80CBBE428}.Debug|x64.ActiveCfg = Debug|x64
		{9AD9C4EB-3B66-439F-831F-56E80CBBE428}.Debug|x64.Build.0 = Debug|x64
		{9AD9C4EB-3B66-439F-831F-56E80CBBE428}.Release|Any CPU.ActiveCfg = Release|Any CPU
		{9AD9C4EB-3B66-439F-831F-56E80CBBE428}.Release|Any CPU.Build.0 = Release|Any CPU
		{9AD9C4EB-3B66-439F-831F-56E80CBBE428}.Release|x64.ActiveCfg = Release|x64
		{9AD9C4EB-3B66-439F-831F-56E80CBBE428}.Release|x64.Build.0 = Release|x64
		{AB9D154D-B9EF-41D4-91AC-C6936811DB7A}.Debug|Any CPU.ActiveCfg = Debug|Any CPU
		{AB9D154D-B9EF-41D4-91AC-C6936811DB7A}.Debug|Any CPU.Build.0 = Debug|Any CPU
		{AB9D154D-B9EF-41D4-91AC-C6936811DB7A}.Debug|x64.ActiveCfg = Debug|x64
		{AB9D154D-B9EF-41D4-91AC-C6936811DB7A}.Debug|x64.Build.0 = Debug|x64
		{AB9D154D-B9EF-41D4-91AC-C6936811DB7A}.Release|Any CPU.ActiveCfg = Release|Any CPU
		{AB9D154D-B9EF-41D4-91AC-C6936811DB7A}.Release|Any CPU.Build.0 = Release|Any CPU
		{AB9D154D-B9EF-41D4-91AC-C6936811DB7A}.Release|x64.ActiveCfg = Release|x64
		{AB9D154D-B9EF-41D4-91AC-C6936811DB7A}.Release|x64.Build.0 = Release|x64
		{3426B114-AE8C-4BF4-8071-4E4DC4CDB43A}.Debug|Any CPU.ActiveCfg = Debug|Any CPU
		{3426B114-AE8C-4BF4-8071-4E4DC4CDB43A}.Debug|Any CPU.Build.0 = Debug|Any CPU
		{3426B114-AE8C-4BF4-8071-4E4DC4CDB43A}.Debug|x64.ActiveCfg = Debug|x64
		{3426B114-AE8C-4BF4-8071-4E4DC4CDB43A}.Debug|x64.Build.0 = Debug|x64
		{3426B114-AE8C-4BF4-8071-4E4DC4CDB43A}.Release|Any CPU.ActiveCfg = Release|Any CPU
		{3426B114-AE8C-4BF4-8071-4E4DC4CDB43A}.Release|Any CPU.Build.0 = Release|Any CPU
		{3426B114-AE8C-4BF4-8071-4E4DC4CDB43A}.Release|x64.ActiveCfg = Release|x64
		{3426B114-AE8C-4BF4-8071-4E4DC4CDB43A}.Release|x64.Build.0 = Release|x64
		{2F39F7E0-CCB0-4D60-8871-DC2C005589D2}.Debug|Any CPU.ActiveCfg = Debug|Any CPU
		{2F39F7E0-CCB0-4D60-8871-DC2C005589D2}.Debug|Any CPU.Build.0 = Debug|Any CPU
		{2F39F7E0-CCB0-4D60-8871-DC2C005589D2}.Debug|x64.ActiveCfg = Debug|x64
		{2F39F7E0-CCB0-4D60-8871-DC2C005589D2}.Debug|x64.Build.0 = Debug|x64
		{2F39F7E0-CCB0-4D60-8871-DC2C005589D2}.Release|Any CPU.ActiveCfg = Release|Any CPU
		{2F39F7E0-CCB0-4D60-8871-DC2C005589D2}.Release|Any CPU.Build.0 = Release|Any CPU
		{2F39F7E0-CCB0-4D60-8871-DC2C005589D2}.Release|x64.ActiveCfg = Release|x64
		{2F39F7E0-CCB0-4D60-8871-DC2C005589D2}.Release|x64.Build.0 = Release|x64
		{ABE74ABB-2B58-4C51-B0DA-2E1786342223}.Debug|Any CPU.ActiveCfg = Debug|Any CPU
		{ABE74ABB-2B58-4C51-B0DA-2E1786342223}.Debug|Any CPU.Build.0 = Debug|Any CPU
		{ABE74ABB-2B58-4C51-B0DA-2E1786342223}.Debug|x64.ActiveCfg = Debug|Any CPU
		{ABE74ABB-2B58-4C51-B0DA-2E1786342223}.Debug|x64.Build.0 = Debug|Any CPU
		{ABE74ABB-2B58-4C51-B0DA-2E1786342223}.Release|Any CPU.ActiveCfg = Release|Any CPU
		{ABE74ABB-2B58-4C51-B0DA-2E1786342223}.Release|Any CPU.Build.0 = Release|Any CPU
		{ABE74ABB-2B58-4C51-B0DA-2E1786342223}.Release|x64.ActiveCfg = Release|Any CPU
		{ABE74ABB-2B58-4C51-B0DA-2E1786342223}.Release|x64.Build.0 = Release|Any CPU
		{AD10CED3-CD0E-4AAA-B09B-A48D756830C8}.Debug|Any CPU.ActiveCfg = Debug|Any CPU
		{AD10CED3-CD0E-4AAA-B09B-A48D756830C8}.Debug|Any CPU.Build.0 = Debug|Any CPU
		{AD10CED3-CD0E-4AAA-B09B-A48D756830C8}.Debug|x64.ActiveCfg = Debug|Any CPU
		{AD10CED3-CD0E-4AAA-B09B-A48D756830C8}.Debug|x64.Build.0 = Debug|Any CPU
		{AD10CED3-CD0E-4AAA-B09B-A48D756830C8}.Release|Any CPU.ActiveCfg = Release|Any CPU
		{AD10CED3-CD0E-4AAA-B09B-A48D756830C8}.Release|Any CPU.Build.0 = Release|Any CPU
		{AD10CED3-CD0E-4AAA-B09B-A48D756830C8}.Release|x64.ActiveCfg = Release|Any CPU
		{AD10CED3-CD0E-4AAA-B09B-A48D756830C8}.Release|x64.Build.0 = Release|Any CPU
		{6B254AA7-E4D8-4335-91AA-72275CA8BE39}.Debug|Any CPU.ActiveCfg = Debug|Any CPU
		{6B254AA7-E4D8-4335-91AA-72275CA8BE39}.Debug|Any CPU.Build.0 = Debug|Any CPU
		{6B254AA7-E4D8-4335-91AA-72275CA8BE39}.Debug|x64.ActiveCfg = Debug|Any CPU
		{6B254AA7-E4D8-4335-91AA-72275CA8BE39}.Debug|x64.Build.0 = Debug|Any CPU
		{6B254AA7-E4D8-4335-91AA-72275CA8BE39}.Release|Any CPU.ActiveCfg = Release|Any CPU
		{6B254AA7-E4D8-4335-91AA-72275CA8BE39}.Release|Any CPU.Build.0 = Release|Any CPU
		{6B254AA7-E4D8-4335-91AA-72275CA8BE39}.Release|x64.ActiveCfg = Release|Any CPU
		{6B254AA7-E4D8-4335-91AA-72275CA8BE39}.Release|x64.Build.0 = Release|Any CPU
		{B5E6D8AC-B5E9-481C-AFA6-056A37B4855B}.Debug|Any CPU.ActiveCfg = Debug|Any CPU
		{B5E6D8AC-B5E9-481C-AFA6-056A37B4855B}.Debug|Any CPU.Build.0 = Debug|Any CPU
		{B5E6D8AC-B5E9-481C-AFA6-056A37B4855B}.Debug|x64.ActiveCfg = Debug|Any CPU
		{B5E6D8AC-B5E9-481C-AFA6-056A37B4855B}.Debug|x64.Build.0 = Debug|Any CPU
		{B5E6D8AC-B5E9-481C-AFA6-056A37B4855B}.Release|Any CPU.ActiveCfg = Release|Any CPU
		{B5E6D8AC-B5E9-481C-AFA6-056A37B4855B}.Release|Any CPU.Build.0 = Release|Any CPU
		{B5E6D8AC-B5E9-481C-AFA6-056A37B4855B}.Release|x64.ActiveCfg = Release|Any CPU
		{B5E6D8AC-B5E9-481C-AFA6-056A37B4855B}.Release|x64.Build.0 = Release|Any CPU
		{AB0CAD5F-126B-4C55-9FBF-5CD620E56650}.Debug|Any CPU.ActiveCfg = Debug|Any CPU
		{AB0CAD5F-126B-4C55-9FBF-5CD620E56650}.Debug|Any CPU.Build.0 = Debug|Any CPU
		{AB0CAD5F-126B-4C55-9FBF-5CD620E56650}.Debug|x64.ActiveCfg = Debug|Any CPU
		{AB0CAD5F-126B-4C55-9FBF-5CD620E56650}.Debug|x64.Build.0 = Debug|Any CPU
		{AB0CAD5F-126B-4C55-9FBF-5CD620E56650}.Release|Any CPU.ActiveCfg = Release|Any CPU
		{AB0CAD5F-126B-4C55-9FBF-5CD620E56650}.Release|Any CPU.Build.0 = Release|Any CPU
		{AB0CAD5F-126B-4C55-9FBF-5CD620E56650}.Release|x64.ActiveCfg = Release|Any CPU
		{AB0CAD5F-126B-4C55-9FBF-5CD620E56650}.Release|x64.Build.0 = Release|Any CPU
		{8A30147A-2553-472E-93C4-414F40054890}.Debug|Any CPU.ActiveCfg = Debug|Any CPU
		{8A30147A-2553-472E-93C4-414F40054890}.Debug|Any CPU.Build.0 = Debug|Any CPU
		{8A30147A-2553-472E-93C4-414F40054890}.Debug|x64.ActiveCfg = Debug|Any CPU
		{8A30147A-2553-472E-93C4-414F40054890}.Debug|x64.Build.0 = Debug|Any CPU
		{8A30147A-2553-472E-93C4-414F40054890}.Release|Any CPU.ActiveCfg = Release|Any CPU
		{8A30147A-2553-472E-93C4-414F40054890}.Release|Any CPU.Build.0 = Release|Any CPU
		{8A30147A-2553-472E-93C4-414F40054890}.Release|x64.ActiveCfg = Release|Any CPU
		{8A30147A-2553-472E-93C4-414F40054890}.Release|x64.Build.0 = Release|Any CPU
		{1264459E-62F1-450F-8631-BB84F904C34C}.Debug|Any CPU.ActiveCfg = Debug|Any CPU
		{1264459E-62F1-450F-8631-BB84F904C34C}.Debug|Any CPU.Build.0 = Debug|Any CPU
		{1264459E-62F1-450F-8631-BB84F904C34C}.Debug|x64.ActiveCfg = Debug|Any CPU
		{1264459E-62F1-450F-8631-BB84F904C34C}.Debug|x64.Build.0 = Debug|Any CPU
		{1264459E-62F1-450F-8631-BB84F904C34C}.Release|Any CPU.ActiveCfg = Release|Any CPU
		{1264459E-62F1-450F-8631-BB84F904C34C}.Release|Any CPU.Build.0 = Release|Any CPU
		{1264459E-62F1-450F-8631-BB84F904C34C}.Release|x64.ActiveCfg = Release|Any CPU
		{1264459E-62F1-450F-8631-BB84F904C34C}.Release|x64.Build.0 = Release|Any CPU
		{37D3688B-8FB4-4AA8-B82B-6DE63CE1603A}.Debug|Any CPU.ActiveCfg = Debug|Any CPU
		{37D3688B-8FB4-4AA8-B82B-6DE63CE1603A}.Debug|Any CPU.Build.0 = Debug|Any CPU
		{37D3688B-8FB4-4AA8-B82B-6DE63CE1603A}.Debug|x64.ActiveCfg = Debug|Any CPU
		{37D3688B-8FB4-4AA8-B82B-6DE63CE1603A}.Debug|x64.Build.0 = Debug|Any CPU
		{37D3688B-8FB4-4AA8-B82B-6DE63CE1603A}.Release|Any CPU.ActiveCfg = Release|Any CPU
		{37D3688B-8FB4-4AA8-B82B-6DE63CE1603A}.Release|Any CPU.Build.0 = Release|Any CPU
		{37D3688B-8FB4-4AA8-B82B-6DE63CE1603A}.Release|x64.ActiveCfg = Release|Any CPU
		{37D3688B-8FB4-4AA8-B82B-6DE63CE1603A}.Release|x64.Build.0 = Release|Any CPU
		{82FCF25B-3781-4DC2-9B8D-549D4030BAD1}.Debug|Any CPU.ActiveCfg = Debug|Any CPU
		{82FCF25B-3781-4DC2-9B8D-549D4030BAD1}.Debug|Any CPU.Build.0 = Debug|Any CPU
		{82FCF25B-3781-4DC2-9B8D-549D4030BAD1}.Debug|x64.ActiveCfg = Debug|Any CPU
		{82FCF25B-3781-4DC2-9B8D-549D4030BAD1}.Debug|x64.Build.0 = Debug|Any CPU
		{82FCF25B-3781-4DC2-9B8D-549D4030BAD1}.Release|Any CPU.ActiveCfg = Release|Any CPU
		{82FCF25B-3781-4DC2-9B8D-549D4030BAD1}.Release|Any CPU.Build.0 = Release|Any CPU
		{82FCF25B-3781-4DC2-9B8D-549D4030BAD1}.Release|x64.ActiveCfg = Release|Any CPU
		{82FCF25B-3781-4DC2-9B8D-549D4030BAD1}.Release|x64.Build.0 = Release|Any CPU
		{EE5632DC-C97E-4503-8237-0331ECEEC416}.Debug|Any CPU.ActiveCfg = Debug|Any CPU
		{EE5632DC-C97E-4503-8237-0331ECEEC416}.Debug|Any CPU.Build.0 = Debug|Any CPU
		{EE5632DC-C97E-4503-8237-0331ECEEC416}.Debug|x64.ActiveCfg = Debug|Any CPU
		{EE5632DC-C97E-4503-8237-0331ECEEC416}.Debug|x64.Build.0 = Debug|Any CPU
		{EE5632DC-C97E-4503-8237-0331ECEEC416}.Release|Any CPU.ActiveCfg = Release|Any CPU
		{EE5632DC-C97E-4503-8237-0331ECEEC416}.Release|Any CPU.Build.0 = Release|Any CPU
		{EE5632DC-C97E-4503-8237-0331ECEEC416}.Release|x64.ActiveCfg = Release|Any CPU
		{EE5632DC-C97E-4503-8237-0331ECEEC416}.Release|x64.Build.0 = Release|Any CPU
		{31118EC5-FFCC-4DA8-9789-DC9FD1E9FB93}.Debug|Any CPU.ActiveCfg = Debug|Any CPU
		{31118EC5-FFCC-4DA8-9789-DC9FD1E9FB93}.Debug|Any CPU.Build.0 = Debug|Any CPU
		{31118EC5-FFCC-4DA8-9789-DC9FD1E9FB93}.Debug|x64.ActiveCfg = Debug|Any CPU
		{31118EC5-FFCC-4DA8-9789-DC9FD1E9FB93}.Debug|x64.Build.0 = Debug|Any CPU
		{31118EC5-FFCC-4DA8-9789-DC9FD1E9FB93}.Release|Any CPU.ActiveCfg = Release|Any CPU
		{31118EC5-FFCC-4DA8-9789-DC9FD1E9FB93}.Release|Any CPU.Build.0 = Release|Any CPU
		{31118EC5-FFCC-4DA8-9789-DC9FD1E9FB93}.Release|x64.ActiveCfg = Release|Any CPU
		{31118EC5-FFCC-4DA8-9789-DC9FD1E9FB93}.Release|x64.Build.0 = Release|Any CPU
		{F341032A-FAE5-423F-B2CD-91B933444567}.Debug|Any CPU.ActiveCfg = Debug|Any CPU
		{F341032A-FAE5-423F-B2CD-91B933444567}.Debug|Any CPU.Build.0 = Debug|Any CPU
		{F341032A-FAE5-423F-B2CD-91B933444567}.Debug|x64.ActiveCfg = Debug|Any CPU
		{F341032A-FAE5-423F-B2CD-91B933444567}.Debug|x64.Build.0 = Debug|Any CPU
		{F341032A-FAE5-423F-B2CD-91B933444567}.Release|Any CPU.ActiveCfg = Release|Any CPU
		{F341032A-FAE5-423F-B2CD-91B933444567}.Release|Any CPU.Build.0 = Release|Any CPU
		{F341032A-FAE5-423F-B2CD-91B933444567}.Release|x64.ActiveCfg = Release|Any CPU
		{F341032A-FAE5-423F-B2CD-91B933444567}.Release|x64.Build.0 = Release|Any CPU
		{8B7FC8E7-4A72-4445-8B7B-3E7C6FDA933F}.Debug|Any CPU.ActiveCfg = Debug|Any CPU
		{8B7FC8E7-4A72-4445-8B7B-3E7C6FDA933F}.Debug|Any CPU.Build.0 = Debug|Any CPU
		{8B7FC8E7-4A72-4445-8B7B-3E7C6FDA933F}.Debug|x64.ActiveCfg = Debug|Any CPU
		{8B7FC8E7-4A72-4445-8B7B-3E7C6FDA933F}.Debug|x64.Build.0 = Debug|Any CPU
		{8B7FC8E7-4A72-4445-8B7B-3E7C6FDA933F}.Release|Any CPU.ActiveCfg = Release|Any CPU
		{8B7FC8E7-4A72-4445-8B7B-3E7C6FDA933F}.Release|Any CPU.Build.0 = Release|Any CPU
		{8B7FC8E7-4A72-4445-8B7B-3E7C6FDA933F}.Release|x64.ActiveCfg = Release|Any CPU
		{8B7FC8E7-4A72-4445-8B7B-3E7C6FDA933F}.Release|x64.Build.0 = Release|Any CPU
		{E6463D65-2561-407B-A6AF-249B1813212B}.Debug|Any CPU.ActiveCfg = Debug|Any CPU
		{E6463D65-2561-407B-A6AF-249B1813212B}.Debug|Any CPU.Build.0 = Debug|Any CPU
		{E6463D65-2561-407B-A6AF-249B1813212B}.Debug|x64.ActiveCfg = Debug|Any CPU
		{E6463D65-2561-407B-A6AF-249B1813212B}.Debug|x64.Build.0 = Debug|Any CPU
		{E6463D65-2561-407B-A6AF-249B1813212B}.Release|Any CPU.ActiveCfg = Release|Any CPU
		{E6463D65-2561-407B-A6AF-249B1813212B}.Release|Any CPU.Build.0 = Release|Any CPU
		{E6463D65-2561-407B-A6AF-249B1813212B}.Release|x64.ActiveCfg = Release|Any CPU
		{E6463D65-2561-407B-A6AF-249B1813212B}.Release|x64.Build.0 = Release|Any CPU
		{E8B96B75-1144-4369-AFC8-C4E22F99343E}.Debug|Any CPU.ActiveCfg = Debug|Any CPU
		{E8B96B75-1144-4369-AFC8-C4E22F99343E}.Debug|Any CPU.Build.0 = Debug|Any CPU
		{E8B96B75-1144-4369-AFC8-C4E22F99343E}.Debug|x64.ActiveCfg = Debug|Any CPU
		{E8B96B75-1144-4369-AFC8-C4E22F99343E}.Debug|x64.Build.0 = Debug|Any CPU
		{E8B96B75-1144-4369-AFC8-C4E22F99343E}.Release|Any CPU.ActiveCfg = Release|Any CPU
		{E8B96B75-1144-4369-AFC8-C4E22F99343E}.Release|Any CPU.Build.0 = Release|Any CPU
		{E8B96B75-1144-4369-AFC8-C4E22F99343E}.Release|x64.ActiveCfg = Release|Any CPU
		{E8B96B75-1144-4369-AFC8-C4E22F99343E}.Release|x64.Build.0 = Release|Any CPU
		{FFF5609F-3748-491A-B495-9F921E7CB1BF}.Debug|Any CPU.ActiveCfg = Debug|Any CPU
		{FFF5609F-3748-491A-B495-9F921E7CB1BF}.Debug|Any CPU.Build.0 = Debug|Any CPU
		{FFF5609F-3748-491A-B495-9F921E7CB1BF}.Debug|x64.ActiveCfg = Debug|Any CPU
		{FFF5609F-3748-491A-B495-9F921E7CB1BF}.Debug|x64.Build.0 = Debug|Any CPU
		{FFF5609F-3748-491A-B495-9F921E7CB1BF}.Release|Any CPU.ActiveCfg = Release|Any CPU
		{FFF5609F-3748-491A-B495-9F921E7CB1BF}.Release|Any CPU.Build.0 = Release|Any CPU
		{FFF5609F-3748-491A-B495-9F921E7CB1BF}.Release|x64.ActiveCfg = Release|Any CPU
		{FFF5609F-3748-491A-B495-9F921E7CB1BF}.Release|x64.Build.0 = Release|Any CPU
		{C80E4542-A4E7-414E-A8A5-FF356E1837CE}.Debug|Any CPU.ActiveCfg = Debug|Any CPU
		{C80E4542-A4E7-414E-A8A5-FF356E1837CE}.Debug|Any CPU.Build.0 = Debug|Any CPU
		{C80E4542-A4E7-414E-A8A5-FF356E1837CE}.Debug|x64.ActiveCfg = Debug|Any CPU
		{C80E4542-A4E7-414E-A8A5-FF356E1837CE}.Debug|x64.Build.0 = Debug|Any CPU
		{C80E4542-A4E7-414E-A8A5-FF356E1837CE}.Release|Any CPU.ActiveCfg = Release|Any CPU
		{C80E4542-A4E7-414E-A8A5-FF356E1837CE}.Release|Any CPU.Build.0 = Release|Any CPU
		{C80E4542-A4E7-414E-A8A5-FF356E1837CE}.Release|x64.ActiveCfg = Release|Any CPU
		{C80E4542-A4E7-414E-A8A5-FF356E1837CE}.Release|x64.Build.0 = Release|Any CPU
		{06E3866E-A035-4C89-B893-7086CE332CDD}.Debug|Any CPU.ActiveCfg = Debug|Any CPU
		{06E3866E-A035-4C89-B893-7086CE332CDD}.Debug|Any CPU.Build.0 = Debug|Any CPU
		{06E3866E-A035-4C89-B893-7086CE332CDD}.Debug|x64.ActiveCfg = Debug|Any CPU
		{06E3866E-A035-4C89-B893-7086CE332CDD}.Debug|x64.Build.0 = Debug|Any CPU
		{06E3866E-A035-4C89-B893-7086CE332CDD}.Release|Any CPU.ActiveCfg = Release|Any CPU
		{06E3866E-A035-4C89-B893-7086CE332CDD}.Release|Any CPU.Build.0 = Release|Any CPU
		{06E3866E-A035-4C89-B893-7086CE332CDD}.Release|x64.ActiveCfg = Release|Any CPU
		{06E3866E-A035-4C89-B893-7086CE332CDD}.Release|x64.Build.0 = Release|Any CPU
		{051CDA06-5292-49CD-8711-6E41B2F8F60D}.Debug|Any CPU.ActiveCfg = Debug|Any CPU
		{051CDA06-5292-49CD-8711-6E41B2F8F60D}.Debug|Any CPU.Build.0 = Debug|Any CPU
		{051CDA06-5292-49CD-8711-6E41B2F8F60D}.Debug|x64.ActiveCfg = Debug|Any CPU
		{051CDA06-5292-49CD-8711-6E41B2F8F60D}.Debug|x64.Build.0 = Debug|Any CPU
		{051CDA06-5292-49CD-8711-6E41B2F8F60D}.Release|Any CPU.ActiveCfg = Release|Any CPU
		{051CDA06-5292-49CD-8711-6E41B2F8F60D}.Release|Any CPU.Build.0 = Release|Any CPU
		{051CDA06-5292-49CD-8711-6E41B2F8F60D}.Release|x64.ActiveCfg = Release|Any CPU
		{051CDA06-5292-49CD-8711-6E41B2F8F60D}.Release|x64.Build.0 = Release|Any CPU
		{BFEE8F0F-FB22-4C27-81ED-142E7862939C}.Debug|Any CPU.ActiveCfg = Debug|Any CPU
		{BFEE8F0F-FB22-4C27-81ED-142E7862939C}.Debug|Any CPU.Build.0 = Debug|Any CPU
		{BFEE8F0F-FB22-4C27-81ED-142E7862939C}.Debug|x64.ActiveCfg = Debug|Any CPU
		{BFEE8F0F-FB22-4C27-81ED-142E7862939C}.Debug|x64.Build.0 = Debug|Any CPU
		{BFEE8F0F-FB22-4C27-81ED-142E7862939C}.Release|Any CPU.ActiveCfg = Release|Any CPU
		{BFEE8F0F-FB22-4C27-81ED-142E7862939C}.Release|Any CPU.Build.0 = Release|Any CPU
		{BFEE8F0F-FB22-4C27-81ED-142E7862939C}.Release|x64.ActiveCfg = Release|Any CPU
		{BFEE8F0F-FB22-4C27-81ED-142E7862939C}.Release|x64.Build.0 = Release|Any CPU
		{93B8F8D6-5233-491C-81F4-ACB8C4C86148}.Debug|Any CPU.ActiveCfg = Debug|Any CPU
		{93B8F8D6-5233-491C-81F4-ACB8C4C86148}.Debug|Any CPU.Build.0 = Debug|Any CPU
		{93B8F8D6-5233-491C-81F4-ACB8C4C86148}.Debug|x64.ActiveCfg = Debug|Any CPU
		{93B8F8D6-5233-491C-81F4-ACB8C4C86148}.Debug|x64.Build.0 = Debug|Any CPU
		{93B8F8D6-5233-491C-81F4-ACB8C4C86148}.Release|Any CPU.ActiveCfg = Release|Any CPU
		{93B8F8D6-5233-491C-81F4-ACB8C4C86148}.Release|Any CPU.Build.0 = Release|Any CPU
		{93B8F8D6-5233-491C-81F4-ACB8C4C86148}.Release|x64.ActiveCfg = Release|Any CPU
		{93B8F8D6-5233-491C-81F4-ACB8C4C86148}.Release|x64.Build.0 = Release|Any CPU
		{2B8BF9C4-2ACA-4CFD-A1D3-BE21E53C64E8}.Debug|Any CPU.ActiveCfg = Debug|Any CPU
		{2B8BF9C4-2ACA-4CFD-A1D3-BE21E53C64E8}.Debug|Any CPU.Build.0 = Debug|Any CPU
		{2B8BF9C4-2ACA-4CFD-A1D3-BE21E53C64E8}.Debug|x64.ActiveCfg = Debug|Any CPU
		{2B8BF9C4-2ACA-4CFD-A1D3-BE21E53C64E8}.Debug|x64.Build.0 = Debug|Any CPU
		{2B8BF9C4-2ACA-4CFD-A1D3-BE21E53C64E8}.Release|Any CPU.ActiveCfg = Release|Any CPU
		{2B8BF9C4-2ACA-4CFD-A1D3-BE21E53C64E8}.Release|Any CPU.Build.0 = Release|Any CPU
		{2B8BF9C4-2ACA-4CFD-A1D3-BE21E53C64E8}.Release|x64.ActiveCfg = Release|Any CPU
		{2B8BF9C4-2ACA-4CFD-A1D3-BE21E53C64E8}.Release|x64.Build.0 = Release|Any CPU
		{CE10FD54-A0E1-47E2-B0E0-0803073310A6}.Debug|Any CPU.ActiveCfg = Debug|Any CPU
		{CE10FD54-A0E1-47E2-B0E0-0803073310A6}.Debug|Any CPU.Build.0 = Debug|Any CPU
		{CE10FD54-A0E1-47E2-B0E0-0803073310A6}.Debug|x64.ActiveCfg = Debug|Any CPU
		{CE10FD54-A0E1-47E2-B0E0-0803073310A6}.Debug|x64.Build.0 = Debug|Any CPU
		{CE10FD54-A0E1-47E2-B0E0-0803073310A6}.Release|Any CPU.ActiveCfg = Release|Any CPU
		{CE10FD54-A0E1-47E2-B0E0-0803073310A6}.Release|Any CPU.Build.0 = Release|Any CPU
		{CE10FD54-A0E1-47E2-B0E0-0803073310A6}.Release|x64.ActiveCfg = Release|Any CPU
		{CE10FD54-A0E1-47E2-B0E0-0803073310A6}.Release|x64.Build.0 = Release|Any CPU
	EndGlobalSection
	GlobalSection(SolutionProperties) = preSolution
		HideSolutionNode = FALSE
	EndGlobalSection
	GlobalSection(ExtensibilityGlobals) = postSolution
		SolutionGuid = {550D4B81-B1D7-4647-9279-98788F29745B}
	EndGlobalSection
EndGlobal
